
Microsoft Visual Studio Solution File, Format Version 12.00
# Visual Studio Version 16
VisualStudioVersion = 16.0.29503.13
MinimumVisualStudioVersion = 10.0.40219.1
Project("{FAE04EC0-301F-11D3-BF4B-00C04F79EFBC}") = "UserMaintenance", "UserMaintenance\UserMaintenance.csproj", "{2535119F-AAAE-466E-B0FB-10EF8F6104EB}"
EndProject
Global
	GlobalSection(SolutionConfigurationPlatforms) = preSolution
		Debug|Any CPU = Debug|Any CPU
		Release|Any CPU = Release|Any CPU
	EndGlobalSection
	GlobalSection(ProjectConfigurationPlatforms) = postSolution
		{2535119F-AAAE-466E-B0FB-10EF8F6104EB}.Debug|Any CPU.ActiveCfg = Debug|Any CPU
		{2535119F-AAAE-466E-B0FB-10EF8F6104EB}.Debug|Any CPU.Build.0 = Debug|Any CPU
		{2535119F-AAAE-466E-B0FB-10EF8F6104EB}.Release|Any CPU.ActiveCfg = Release|Any CPU
		{2535119F-AAAE-466E-B0FB-10EF8F6104EB}.Release|Any CPU.Build.0 = Release|Any CPU
	EndGlobalSection
	GlobalSection(SolutionProperties) = preSolution
		HideSolutionNode = FALSE
	EndGlobalSection
	GlobalSection(ExtensibilityGlobals) = postSolution
		SolutionGuid = {A1C062C1-8428-4A15-82C0-58AC7A01CAB9}
	EndGlobalSection
EndGlobal
